// !$*UTF8*$!
{
	archiveVersion = 1;
	classes = {
	};
	objectVersion = 50;
	objects = {

/* Begin PBXBuildFile section */
		253CA9A12431A52B00391077 /* DenseClipCompression.h in Sources */ = {isa = PBXBuildFile; fileRef = 25A1642F242A433B00AC575F /* DenseClipCompression.h */; };
		253CA9A32431A54E00391077 /* Entry.cpp in Sources */ = {isa = PBXBuildFile; fileRef = 253CA9A22431A54E00391077 /* Entry.cpp */; };
		25A164122428F62E00AC575F /* DenseClipCompression.cpp in Sources */ = {isa = PBXBuildFile; fileRef = 25A164102428F62E00AC575F /* DenseClipCompression.cpp */; };
		25A164132428F62E00AC575F /* IUnityAnimationCompression.h in Sources */ = {isa = PBXBuildFile; fileRef = 25A164112428F62E00AC575F /* IUnityAnimationCompression.h */; };
		25A1642E242A0C0500AC575F /* IUnityInterface.h in Sources */ = {isa = PBXBuildFile; fileRef = 25A1642D242A0C0500AC575F /* IUnityInterface.h */; };
/* End PBXBuildFile section */

/* Begin PBXFileReference section */
		253CA9A22431A54E00391077 /* Entry.cpp */ = {isa = PBXFileReference; lastKnownFileType = sourcecode.cpp.cpp; name = Entry.cpp; path = ../../source/Entry.cpp; sourceTree = "<group>"; };
		25A163FF2428EE2A00AC575F /* AnimationCompression.bundle */ = {isa = PBXFileReference; explicitFileType = wrapper.cfbundle; includeInIndex = 0; path = AnimationCompression.bundle; sourceTree = BUILT_PRODUCTS_DIR; };
		25A164022428EE2A00AC575F /* Info.plist */ = {isa = PBXFileReference; lastKnownFileType = text.plist.xml; path = Info.plist; sourceTree = "<group>"; };
		25A164102428F62E00AC575F /* DenseClipCompression.cpp */ = {isa = PBXFileReference; lastKnownFileType = sourcecode.cpp.cpp; name = DenseClipCompression.cpp; path = ../../source/DenseClipCompression.cpp; sourceTree = "<group>"; };
		25A164112428F62E00AC575F /* IUnityAnimationCompression.h */ = {isa = PBXFileReference; lastKnownFileType = sourcecode.c.h; name = IUnityAnimationCompression.h; path = ../../source/IUnityAnimationCompression.h; sourceTree = "<group>"; };
		25A1642D242A0C0500AC575F /* IUnityInterface.h */ = {isa = PBXFileReference; lastKnownFileType = sourcecode.c.h; name = IUnityInterface.h; path = ../../source/IUnityInterface.h; sourceTree = "<group>"; };
		25A1642F242A433B00AC575F /* DenseClipCompression.h */ = {isa = PBXFileReference; lastKnownFileType = sourcecode.c.h; name = DenseClipCompression.h; path = ../../source/DenseClipCompression.h; sourceTree = "<group>"; };
/* End PBXFileReference section */

/* Begin PBXFrameworksBuildPhase section */
		25A163FC2428EE2A00AC575F /* Frameworks */ = {
			isa = PBXFrameworksBuildPhase;
			buildActionMask = 2147483647;
			files = (
			);
			runOnlyForDeploymentPostprocessing = 0;
		};
/* End PBXFrameworksBuildPhase section */

/* Begin PBXGroup section */
		25A163F62428EE2A00AC575F = {
			isa = PBXGroup;
			children = (
				253CA9A22431A54E00391077 /* Entry.cpp */,
				25A1642F242A433B00AC575F /* DenseClipCompression.h */,
				25A1642D242A0C0500AC575F /* IUnityInterface.h */,
				25A164102428F62E00AC575F /* DenseClipCompression.cpp */,
				25A164112428F62E00AC575F /* IUnityAnimationCompression.h */,
				25A164012428EE2A00AC575F /* AnimationCompression */,
				25A164002428EE2A00AC575F /* Products */,
			);
			sourceTree = "<group>";
		};
		25A164002428EE2A00AC575F /* Products */ = {
			isa = PBXGroup;
			children = (
				25A163FF2428EE2A00AC575F /* AnimationCompression.bundle */,
			);
			name = Products;
			sourceTree = "<group>";
		};
		25A164012428EE2A00AC575F /* AnimationCompression */ = {
			isa = PBXGroup;
			children = (
				25A164022428EE2A00AC575F /* Info.plist */,
			);
			path = AnimationCompression;
			sourceTree = "<group>";
		};
/* End PBXGroup section */

/* Begin PBXNativeTarget section */
		25A163FE2428EE2A00AC575F /* AnimationCompression */ = {
			isa = PBXNativeTarget;
			buildConfigurationList = 25A164052428EE2A00AC575F /* Build configuration list for PBXNativeTarget "AnimationCompression" */;
			buildPhases = (
				25A163FB2428EE2A00AC575F /* Sources */,
				25A163FC2428EE2A00AC575F /* Frameworks */,
				25A163FD2428EE2A00AC575F /* Resources */,
			);
			buildRules = (
			);
			dependencies = (
			);
			name = AnimationCompression;
			productName = AnimationCompression;
			productReference = 25A163FF2428EE2A00AC575F /* AnimationCompression.bundle */;
			productType = "com.apple.product-type.bundle";
		};
/* End PBXNativeTarget section */

/* Begin PBXProject section */
		25A163F72428EE2A00AC575F /* Project object */ = {
			isa = PBXProject;
			attributes = {
				LastUpgradeCheck = 1120;
				ORGANIZATIONNAME = "Liu WeiXian";
				TargetAttributes = {
					25A163FE2428EE2A00AC575F = {
						CreatedOnToolsVersion = 11.2;
					};
				};
			};
			buildConfigurationList = 25A163FA2428EE2A00AC575F /* Build configuration list for PBXProject "AnimationCompression" */;
			compatibilityVersion = "Xcode 9.3";
			developmentRegion = en;
			hasScannedForEncodings = 0;
			knownRegions = (
				en,
				Base,
			);
			mainGroup = 25A163F62428EE2A00AC575F;
			productRefGroup = 25A164002428EE2A00AC575F /* Products */;
			projectDirPath = "";
			projectRoot = "";
			targets = (
				25A163FE2428EE2A00AC575F /* AnimationCompression */,
			);
		};
/* End PBXProject section */

/* Begin PBXResourcesBuildPhase section */
		25A163FD2428EE2A00AC575F /* Resources */ = {
			isa = PBXResourcesBuildPhase;
			buildActionMask = 2147483647;
			files = (
			);
			runOnlyForDeploymentPostprocessing = 0;
		};
/* End PBXResourcesBuildPhase section */

/* Begin PBXSourcesBuildPhase section */
		25A163FB2428EE2A00AC575F /* Sources */ = {
			isa = PBXSourcesBuildPhase;
			buildActionMask = 2147483647;
			files = (
				253CA9A12431A52B00391077 /* DenseClipCompression.h in Sources */,
				25A1642E242A0C0500AC575F /* IUnityInterface.h in Sources */,
				253CA9A32431A54E00391077 /* Entry.cpp in Sources */,
				25A164122428F62E00AC575F /* DenseClipCompression.cpp in Sources */,
				25A164132428F62E00AC575F /* IUnityAnimationCompression.h in Sources */,
			);
			runOnlyForDeploymentPostprocessing = 0;
		};
/* End PBXSourcesBuildPhase section */

/* Begin XCBuildConfiguration section */
		25A164032428EE2A00AC575F /* Debug */ = {
			isa = XCBuildConfiguration;
			buildSettings = {
				ALWAYS_SEARCH_USER_PATHS = NO;
				CLANG_ANALYZER_NONNULL = YES;
				CLANG_ANALYZER_NUMBER_OBJECT_CONVERSION = YES_AGGRESSIVE;
				CLANG_CXX_LANGUAGE_STANDARD = "gnu++14";
				CLANG_CXX_LIBRARY = "libc++";
				CLANG_ENABLE_MODULES = YES;
				CLANG_ENABLE_OBJC_ARC = YES;
				CLANG_ENABLE_OBJC_WEAK = YES;
				CLANG_WARN_BLOCK_CAPTURE_AUTORELEASING = YES;
				CLANG_WARN_BOOL_CONVERSION = YES;
				CLANG_WARN_COMMA = YES;
				CLANG_WARN_CONSTANT_CONVERSION = YES;
				CLANG_WARN_DEPRECATED_OBJC_IMPLEMENTATIONS = YES;
				CLANG_WARN_DIRECT_OBJC_ISA_USAGE = YES_ERROR;
				CLANG_WARN_DOCUMENTATION_COMMENTS = YES;
				CLANG_WARN_EMPTY_BODY = YES;
				CLANG_WARN_ENUM_CONVERSION = YES;
				CLANG_WARN_INFINITE_RECURSION = YES;
				CLANG_WARN_INT_CONVERSION = YES;
				CLANG_WARN_NON_LITERAL_NULL_CONVERSION = YES;
				CLANG_WARN_OBJC_IMPLICIT_RETAIN_SELF = YES;
				CLANG_WARN_OBJC_LITERAL_CONVERSION = YES;
				CLANG_WARN_OBJC_ROOT_CLASS = YES_ERROR;
				CLANG_WARN_RANGE_LOOP_ANALYSIS = YES;
				CLANG_WARN_STRICT_PROTOTYPES = YES;
				CLANG_WARN_SUSPICIOUS_MOVE = YES;
				CLANG_WARN_UNGUARDED_AVAILABILITY = YES_AGGRESSIVE;
				CLANG_WARN_UNREACHABLE_CODE = YES;
				CLANG_WARN__DUPLICATE_METHOD_MATCH = YES;
				COPY_PHASE_STRIP = NO;
				DEBUG_INFORMATION_FORMAT = dwarf;
				ENABLE_STRICT_OBJC_MSGSEND = YES;
				ENABLE_TESTABILITY = YES;
				GCC_C_LANGUAGE_STANDARD = gnu11;
				GCC_DYNAMIC_NO_PIC = NO;
				GCC_NO_COMMON_BLOCKS = YES;
				GCC_OPTIMIZATION_LEVEL = 0;
				GCC_PREPROCESSOR_DEFINITIONS = (
					"DEBUG=1",
					"$(inherited)",
				);
				GCC_WARN_64_TO_32_BIT_CONVERSION = YES;
				GCC_WARN_ABOUT_RETURN_TYPE = YES_ERROR;
				GCC_WARN_UNDECLARED_SELECTOR = YES;
				GCC_WARN_UNINITIALIZED_AUTOS = YES_AGGRESSIVE;
				GCC_WARN_UNUSED_FUNCTION = YES;
				GCC_WARN_UNUSED_VARIABLE = YES;
				MACOSX_DEPLOYMENT_TARGET = 10.14;
				MTL_ENABLE_DEBUG_INFO = INCLUDE_SOURCE;
				MTL_FAST_MATH = YES;
				ONLY_ACTIVE_ARCH = YES;
				SDKROOT = macosx;
			};
			name = Debug;
		};
		25A164042428EE2A00AC575F /* Release */ = {
			isa = XCBuildConfiguration;
			buildSettings = {
				ALWAYS_SEARCH_USER_PATHS = NO;
				CLANG_ANALYZER_NONNULL = YES;
				CLANG_ANALYZER_NUMBER_OBJECT_CONVERSION = YES_AGGRESSIVE;
				CLANG_CXX_LANGUAGE_STANDARD = "gnu++14";
				CLANG_CXX_LIBRARY = "libc++";
				CLANG_ENABLE_MODULES = YES;
				CLANG_ENABLE_OBJC_ARC = YES;
				CLANG_ENABLE_OBJC_WEAK = YES;
				CLANG_WARN_BLOCK_CAPTURE_AUTORELEASING = YES;
				CLANG_WARN_BOOL_CONVERSION = YES;
				CLANG_WARN_COMMA = YES;
				CLANG_WARN_CONSTANT_CONVERSION = YES;
				CLANG_WARN_DEPRECATED_OBJC_IMPLEMENTATIONS = YES;
				CLANG_WARN_DIRECT_OBJC_ISA_USAGE = YES_ERROR;
				CLANG_WARN_DOCUMENTATION_COMMENTS = YES;
				CLANG_WARN_EMPTY_BODY = YES;
				CLANG_WARN_ENUM_CONVERSION = YES;
				CLANG_WARN_INFINITE_RECURSION = YES;
				CLANG_WARN_INT_CONVERSION = YES;
				CLANG_WARN_NON_LITERAL_NULL_CONVERSION = YES;
				CLANG_WARN_OBJC_IMPLICIT_RETAIN_SELF = YES;
				CLANG_WARN_OBJC_LITERAL_CONVERSION = YES;
				CLANG_WARN_OBJC_ROOT_CLASS = YES_ERROR;
				CLANG_WARN_RANGE_LOOP_ANALYSIS = YES;
				CLANG_WARN_STRICT_PROTOTYPES = YES;
				CLANG_WARN_SUSPICIOUS_MOVE = YES;
				CLANG_WARN_UNGUARDED_AVAILABILITY = YES_AGGRESSIVE;
				CLANG_WARN_UNREACHABLE_CODE = YES;
				CLANG_WARN__DUPLICATE_METHOD_MATCH = YES;
				COPY_PHASE_STRIP = NO;
				DEBUG_INFORMATION_FORMAT = "dwarf-with-dsym";
				ENABLE_NS_ASSERTIONS = NO;
				ENABLE_STRICT_OBJC_MSGSEND = YES;
				GCC_C_LANGUAGE_STANDARD = gnu11;
				GCC_NO_COMMON_BLOCKS = YES;
				GCC_WARN_64_TO_32_BIT_CONVERSION = YES;
				GCC_WARN_ABOUT_RETURN_TYPE = YES_ERROR;
				GCC_WARN_UNDECLARED_SELECTOR = YES;
				GCC_WARN_UNINITIALIZED_AUTOS = YES_AGGRESSIVE;
				GCC_WARN_UNUSED_FUNCTION = YES;
				GCC_WARN_UNUSED_VARIABLE = YES;
				MACOSX_DEPLOYMENT_TARGET = 10.14;
				MTL_ENABLE_DEBUG_INFO = NO;
				MTL_FAST_MATH = YES;
				SDKROOT = macosx;
			};
			name = Release;
		};
		25A164062428EE2A00AC575F /* Debug */ = {
			isa = XCBuildConfiguration;
			buildSettings = {
				CODE_SIGN_STYLE = Automatic;
				COMBINE_HIDPI_IMAGES = YES;
				DEVELOPMENT_TEAM = L77G6XC8M7;
				INFOPLIST_FILE = AnimationCompression/Info.plist;
				INSTALL_PATH = "$(LOCAL_LIBRARY_DIR)/Bundles";
				PRODUCT_BUNDLE_IDENTIFIER = rayliu.AnimationCompression;
				PRODUCT_NAME = "$(TARGET_NAME)";
				SKIP_INSTALL = YES;
				WRAPPER_EXTENSION = bundle;
			};
			name = Debug;
		};
		25A164072428EE2A00AC575F /* Release */ = {
			isa = XCBuildConfiguration;
			buildSettings = {
				CODE_SIGN_STYLE = Automatic;
				COMBINE_HIDPI_IMAGES = YES;
				DEVELOPMENT_TEAM = L77G6XC8M7;
				INFOPLIST_FILE = AnimationCompression/Info.plist;
				INSTALL_PATH = "$(LOCAL_LIBRARY_DIR)/Bundles";
				PRODUCT_BUNDLE_IDENTIFIER = rayliu.AnimationCompression;
				PRODUCT_NAME = "$(TARGET_NAME)";
				SKIP_INSTALL = YES;
				WRAPPER_EXTENSION = bundle;
			};
			name = Release;
		};
/* End XCBuildConfiguration section */

/* Begin XCConfigurationList section */
		25A163FA2428EE2A00AC575F /* Build configuration list for PBXProject "AnimationCompression" */ = {
			isa = XCConfigurationList;
			buildConfigurations = (
				25A164032428EE2A00AC575F /* Debug */,
				25A164042428EE2A00AC575F /* Release */,
			);
			defaultConfigurationIsVisible = 0;
			defaultConfigurationName = Release;
		};
		25A164052428EE2A00AC575F /* Build configuration list for PBXNativeTarget "AnimationCompression" */ = {
			isa = XCConfigurationList;
			buildConfigurations = (
				25A164062428EE2A00AC575F /* Debug */,
				25A164072428EE2A00AC575F /* Release */,
			);
			defaultConfigurationIsVisible = 0;
			defaultConfigurationName = Release;
		};
/* End XCConfigurationList section */
	};
	rootObject = 25A163F72428EE2A00AC575F /* Project object */;
}
